
Microsoft Visual Studio Solution File, Format Version 12.00
# Visual Studio Version 18
VisualStudioVersion = 18.6.11822.322 stable
MinimumVisualStudioVersion = 10.0.40219.1
Project("{FAE04EC0-301F-11D3-BF4B-00C04F79EFBC}") = "EnigmaSettings", "EnigmaSettings\EnigmaSettings.csproj", "{A9C23E85-4340-48F8-B59B-9B9AD259DFC7}"
EndProject
Project("{FAE04EC0-301F-11D3-BF4B-00C04F79EFBC}") = "EnigmaSettingsPCL", "EnigmaSettingsPCL\EnigmaSettingsPCL.csproj", "{D916FF72-5E7B-49EB-9DFC-2C1F1DC7ACF8}"
EndProject
Project("{FAE04EC0-301F-11D3-BF4B-00C04F79EFBC}") = "EnigmaSettings.NetStandard", "EnigmaSettings.NetStandard\EnigmaSettings.NetStandard.csproj", "{6484DDAD-5ED7-CFA7-8FAA-C66601D7FD6F}"
EndProject
Global
	GlobalSection(SolutionConfigurationPlatforms) = preSolution
		Debug|Any CPU = Debug|Any CPU
		Release|Any CPU = Release|Any CPU
	EndGlobalSection
	GlobalSection(ProjectConfigurationPlatforms) = postSolution
		{A9C23E85-4340-48F8-B59B-9B9AD259DFC7}.Debug|Any CPU.ActiveCfg = Debug|Any CPU
		{A9C23E85-4340-48F8-B59B-9B9AD259DFC7}.Debug|Any CPU.Build.0 = Debug|Any CPU
		{A9C23E85-4340-48F8-B59B-9B9AD259DFC7}.Release|Any CPU.ActiveCfg = Release|Any CPU
		{A9C23E85-4340-48F8-B59B-9B9AD259DFC7}.Release|Any CPU.Build.0 = Release|Any CPU
		{D916FF72-5E7B-49EB-9DFC-2C1F1DC7ACF8}.Debug|Any CPU.ActiveCfg = Debug|Any CPU
		{D916FF72-5E7B-49EB-9DFC-2C1F1DC7ACF8}.Debug|Any CPU.Build.0 = Debug|Any CPU
		{D916FF72-5E7B-49EB-9DFC-2C1F1DC7ACF8}.Release|Any CPU.ActiveCfg = Release|Any CPU
		{D916FF72-5E7B-49EB-9DFC-2C1F1DC7ACF8}.Release|Any CPU.Build.0 = Release|Any CPU
		{6484DDAD-5ED7-CFA7-8FAA-C66601D7FD6F}.Debug|Any CPU.ActiveCfg = Debug|Any CPU
		{6484DDAD-5ED7-CFA7-8FAA-C66601D7FD6F}.Debug|Any CPU.Build.0 = Debug|Any CPU
		{6484DDAD-5ED7-CFA7-8FAA-C66601D7FD6F}.Release|Any CPU.ActiveCfg = Release|Any CPU
		{6484DDAD-5ED7-CFA7-8FAA-C66601D7FD6F}.Release|Any CPU.Build.0 = Release|Any CPU
	EndGlobalSection
	GlobalSection(SolutionProperties) = preSolution
		HideSolutionNode = FALSE
	EndGlobalSection
EndGlobal
